
Microsoft Visual Studio Solution File, Format Version 12.00
# Visual Studio Version 17
VisualStudioVersion = 17.4.33205.214
MinimumVisualStudioVersion = 10.0.40219.1
Project("{FAE04EC0-301F-11D3-BF4B-00C04F79EFBC}") = "Demo.Test", "Demo.Test\Demo.Test.csproj", "{ECA43DEE-F30B-46F6-8D34-417F81FEA985}"
EndProject
Project("{FAE04EC0-301F-11D3-BF4B-00C04F79EFBC}") = "Demo.Api", "Demo.Api\Demo.Api.csproj", "{3B53428A-DFA1-4159-A77D-C72B4400C160}"
EndProject
Global
	GlobalSection(SolutionConfigurationPlatforms) = preSolution
		Debug|Any CPU = Debug|Any CPU
		Release|Any CPU = Release|Any CPU
	EndGlobalSection
	GlobalSection(ProjectConfigurationPlatforms) = postSolution
		{ECA43DEE-F30B-46F6-8D34-417F81FEA985}.Debug|Any CPU.ActiveCfg = Debug|Any CPU
		{ECA43DEE-F30B-46F6-8D34-417F81FEA985}.Debug|Any CPU.Build.0 = Debug|Any CPU
		{ECA43DEE-F30B-46F6-8D34-417F81FEA985}.Release|Any CPU.ActiveCfg = Release|Any CPU
		{ECA43DEE-F30B-46F6-8D34-417F81FEA985}.Release|Any CPU.Build.0 = Release|Any CPU
		{3B53428A-DFA1-4159-A77D-C72B4400C160}.Debug|Any CPU.ActiveCfg = Debug|Any CPU
		{3B53428A-DFA1-4159-A77D-C72B4400C160}.Debug|Any CPU.Build.0 = Debug|Any CPU
		{3B53428A-DFA1-4159-A77D-C72B4400C160}.Release|Any CPU.ActiveCfg = Release|Any CPU
		{3B53428A-DFA1-4159-A77D-C72B4400C160}.Release|Any CPU.Build.0 = Release|Any CPU
	EndGlobalSection
	GlobalSection(SolutionProperties) = preSolution
		HideSolutionNode = FALSE
	EndGlobalSection
	GlobalSection(ExtensibilityGlobals) = postSolution
		SolutionGuid = {242E4BE3-D46E-4D38-8C89-083D8391A2BF}
	EndGlobalSection
EndGlobal
